
Microsoft Visual Studio Solution File, Format Version 12.00
# Visual Studio Version 17
VisualStudioVersion = 17.9.34714.143
MinimumVisualStudioVersion = 10.0.40219.1
Project("{9A19103F-16F7-4668-BE54-9A1E7A4F7556}") = "DVLA.Business", "DVLA.Business\DVLA.Business.csproj", "{47271E21-4C65-445A-B54A-D59A1AE9639F}"
EndProject
Project("{9A19103F-16F7-4668-BE54-9A1E7A4F7556}") = "DVLA.Data", "DVLA.Data\DVLA.Data.csproj", "{453E143E-8728-4B89-8ECF-EFAFEE3FF723}"
EndProject
Project("{9A19103F-16F7-4668-BE54-9A1E7A4F7556}") = "DVLA.UI", "DVLA.UI\DVLA.UI.csproj", "{CE5B3518-FFAD-4D86-AF30-5DD33EC17E1B}"
EndProject
Project("{FAE04EC0-301F-11D3-BF4B-00C04F79EFBC}") = "DVLA.VerificationPortal", "DVLA.VerificationPortal\DVLA.VerificationPortal.csproj", "{79A23EBA-133A-4AB1-8FB8-FEC5DFD5950D}"
EndProject
Project("{FAE04EC0-301F-11D3-BF4B-00C04F79EFBC}") = "DVLA.VerificationPortal.Infrastructure", "DVLA.VerificationPortal.Infrastructure\DVLA.VerificationPortal.Infrastructure.csproj", "{9EF28473-D434-498F-AE25-82658FCA0927}"
EndProject
Project("{FAE04EC0-301F-11D3-BF4B-00C04F79EFBC}") = "DVLA.VerificationPortal.Shared", "DVLA.VerificationPortal.Shared\DVLA.VerificationPortal.Shared.csproj", "{C05C4768-4D58-4F62-9B58-8724FD558F8A}"
EndProject
Project("{FAE04EC0-301F-11D3-BF4B-00C04F79EFBC}") = "DVLA.VerificationPortal.API", "DVLA.VerificationPortal.API\DVLA.VerificationPortal.API.csproj", "{1D88C36F-652A-45B7-87C7-A6D04CD109E6}"
EndProject
Project("{FAE04EC0-301F-11D3-BF4B-00C04F79EFBC}") = "DVLA.API", "DVLA.API\DVLA.API.csproj", "{483E66FB-DE69-4B7F-A0BE-134B91A3A853}"
EndProject
Global
	GlobalSection(SolutionConfigurationPlatforms) = preSolution
		Debug|Any CPU = Debug|Any CPU
		Debug|x64 = Debug|x64
		Debug|x86 = Debug|x86
		Release|Any CPU = Release|Any CPU
		Release|x64 = Release|x64
		Release|x86 = Release|x86
	EndGlobalSection
	GlobalSection(ProjectConfigurationPlatforms) = postSolution
		{47271E21-4C65-445A-B54A-D59A1AE9639F}.Debug|Any CPU.ActiveCfg = Debug|Any CPU
		{47271E21-4C65-445A-B54A-D59A1AE9639F}.Debug|Any CPU.Build.0 = Debug|Any CPU
		{47271E21-4C65-445A-B54A-D59A1AE9639F}.Debug|x64.ActiveCfg = Debug|Any CPU
		{47271E21-4C65-445A-B54A-D59A1AE9639F}.Debug|x64.Build.0 = Debug|Any CPU
		{47271E21-4C65-445A-B54A-D59A1AE9639F}.Debug|x86.ActiveCfg = Debug|Any CPU
		{47271E21-4C65-445A-B54A-D59A1AE9639F}.Debug|x86.Build.0 = Debug|Any CPU
		{47271E21-4C65-445A-B54A-D59A1AE9639F}.Release|Any CPU.ActiveCfg = Release|Any CPU
		{47271E21-4C65-445A-B54A-D59A1AE9639F}.Release|Any CPU.Build.0 = Release|Any CPU
		{47271E21-4C65-445A-B54A-D59A1AE9639F}.Release|x64.ActiveCfg = Release|Any CPU
		{47271E21-4C65-445A-B54A-D59A1AE9639F}.Release|x64.Build.0 = Release|Any CPU
		{47271E21-4C65-445A-B54A-D59A1AE9639F}.Release|x86.ActiveCfg = Release|Any CPU
		{47271E21-4C65-445A-B54A-D59A1AE9639F}.Release|x86.Build.0 = Release|Any CPU
		{453E143E-8728-4B89-8ECF-EFAFEE3FF723}.Debug|Any CPU.ActiveCfg = Debug|Any CPU
		{453E143E-8728-4B89-8ECF-EFAFEE3FF723}.Debug|Any CPU.Build.0 = Debug|Any CPU
		{453E143E-8728-4B89-8ECF-EFAFEE3FF723}.Debug|x64.ActiveCfg = Debug|Any CPU
		{453E143E-8728-4B89-8ECF-EFAFEE3FF723}.Debug|x64.Build.0 = Debug|Any CPU
		{453E143E-8728-4B89-8ECF-EFAFEE3FF723}.Debug|x86.ActiveCfg = Debug|Any CPU
		{453E143E-8728-4B89-8ECF-EFAFEE3FF723}.Debug|x86.Build.0 = Debug|Any CPU
		{453E143E-8728-4B89-8ECF-EFAFEE3FF723}.Release|Any CPU.ActiveCfg = Release|Any CPU
		{453E143E-8728-4B89-8ECF-EFAFEE3FF723}.Release|Any CPU.Build.0 = Release|Any CPU
		{453E143E-8728-4B89-8ECF-EFAFEE3FF723}.Release|x64.ActiveCfg = Release|Any CPU
		{453E143E-8728-4B89-8ECF-EFAFEE3FF723}.Release|x64.Build.0 = Release|Any CPU
		{453E143E-8728-4B89-8ECF-EFAFEE3FF723}.Release|x86.ActiveCfg = Release|Any CPU
		{453E143E-8728-4B89-8ECF-EFAFEE3FF723}.Release|x86.Build.0 = Release|Any CPU
		{CE5B3518-FFAD-4D86-AF30-5DD33EC17E1B}.Debug|Any CPU.ActiveCfg = Debug|Any CPU
		{CE5B3518-FFAD-4D86-AF30-5DD33EC17E1B}.Debug|Any CPU.Build.0 = Debug|Any CPU
		{CE5B3518-FFAD-4D86-AF30-5DD33EC17E1B}.Debug|x64.ActiveCfg = Debug|Any CPU
		{CE5B3518-FFAD-4D86-AF30-5DD33EC17E1B}.Debug|x64.Build.0 = Debug|Any CPU
		{CE5B3518-FFAD-4D86-AF30-5DD33EC17E1B}.Debug|x86.ActiveCfg = Debug|Any CPU
		{CE5B3518-FFAD-4D86-AF30-5DD33EC17E1B}.Debug|x86.Build.0 = Debug|Any CPU
		{CE5B3518-FFAD-4D86-AF30-5DD33EC17E1B}.Release|Any CPU.ActiveCfg = Release|Any CPU
		{CE5B3518-FFAD-4D86-AF30-5DD33EC17E1B}.Release|Any CPU.Build.0 = Release|Any CPU
		{CE5B3518-FFAD-4D86-AF30-5DD33EC17E1B}.Release|x64.ActiveCfg = Release|Any CPU
		{CE5B3518-FFAD-4D86-AF30-5DD33EC17E1B}.Release|x64.Build.0 = Release|Any CPU
		{CE5B3518-FFAD-4D86-AF30-5DD33EC17E1B}.Release|x86.ActiveCfg = Release|Any CPU
		{CE5B3518-FFAD-4D86-AF30-5DD33EC17E1B}.Release|x86.Build.0 = Release|Any CPU
		{79A23EBA-133A-4AB1-8FB8-FEC5DFD5950D}.Debug|Any CPU.ActiveCfg = Debug|Any CPU
		{79A23EBA-133A-4AB1-8FB8-FEC5DFD5950D}.Debug|Any CPU.Build.0 = Debug|Any CPU
		{79A23EBA-133A-4AB1-8FB8-FEC5DFD5950D}.Debug|x64.ActiveCfg = Debug|Any CPU
		{79A23EBA-133A-4AB1-8FB8-FEC5DFD5950D}.Debug|x64.Build.0 = Debug|Any CPU
		{79A23EBA-133A-4AB1-8FB8-FEC5DFD5950D}.Debug|x86.ActiveCfg = Debug|Any CPU
		{79A23EBA-133A-4AB1-8FB8-FEC5DFD5950D}.Debug|x86.Build.0 = Debug|Any CPU
		{79A23EBA-133A-4AB1-8FB8-FEC5DFD5950D}.Release|Any CPU.ActiveCfg = Release|Any CPU
		{79A23EBA-133A-4AB1-8FB8-FEC5DFD5950D}.Release|Any CPU.Build.0 = Release|Any CPU
		{79A23EBA-133A-4AB1-8FB8-FEC5DFD5950D}.Release|x64.ActiveCfg = Release|Any CPU
		{79A23EBA-133A-4AB1-8FB8-FEC5DFD5950D}.Release|x64.Build.0 = Release|Any CPU
		{79A23EBA-133A-4AB1-8FB8-FEC5DFD5950D}.Release|x86.ActiveCfg = Release|Any CPU
		{79A23EBA-133A-4AB1-8FB8-FEC5DFD5950D}.Release|x86.Build.0 = Release|Any CPU
		{9EF28473-D434-498F-AE25-82658FCA0927}.Debug|Any CPU.ActiveCfg = Debug|Any CPU
		{9EF28473-D434-498F-AE25-82658FCA0927}.Debug|Any CPU.Build.0 = Debug|Any CPU
		{9EF28473-D434-498F-AE25-82658FCA0927}.Debug|x64.ActiveCfg = Debug|Any CPU
		{9EF28473-D434-498F-AE25-82658FCA0927}.Debug|x64.Build.0 = Debug|Any CPU
		{9EF28473-D434-498F-AE25-82658FCA0927}.Debug|x86.ActiveCfg = Debug|Any CPU
		{9EF28473-D434-498F-AE25-82658FCA0927}.Debug|x86.Build.0 = Debug|Any CPU
		{9EF28473-D434-498F-AE25-82658FCA0927}.Release|Any CPU.ActiveCfg = Release|Any CPU
		{9EF28473-D434-498F-AE25-82658FCA0927}.Release|Any CPU.Build.0 = Release|Any CPU
		{9EF28473-D434-498F-AE25-82658FCA0927}.Release|x64.ActiveCfg = Release|Any CPU
		{9EF28473-D434-498F-AE25-82658FCA0927}.Release|x64.Build.0 = Release|Any CPU
		{9EF28473-D434-498F-AE25-82658FCA0927}.Release|x86.ActiveCfg = Release|Any CPU
		{9EF28473-D434-498F-AE25-82658FCA0927}.Release|x86.Build.0 = Release|Any CPU
		{C05C4768-4D58-4F62-9B58-8724FD558F8A}.Debug|Any CPU.ActiveCfg = Debug|Any CPU
		{C05C4768-4D58-4F62-9B58-8724FD558F8A}.Debug|Any CPU.Build.0 = Debug|Any CPU
		{C05C4768-4D58-4F62-9B58-8724FD558F8A}.Debug|x64.ActiveCfg = Debug|Any CPU
		{C05C4768-4D58-4F62-9B58-8724FD558F8A}.Debug|x64.Build.0 = Debug|Any CPU
		{C05C4768-4D58-4F62-9B58-8724FD558F8A}.Debug|x86.ActiveCfg = Debug|Any CPU
		{C05C4768-4D58-4F62-9B58-8724FD558F8A}.Debug|x86.Build.0 = Debug|Any CPU
		{C05C4768-4D58-4F62-9B58-8724FD558F8A}.Release|Any CPU.ActiveCfg = Release|Any CPU
		{C05C4768-4D58-4F62-9B58-8724FD558F8A}.Release|Any CPU.Build.0 = Release|Any CPU
		{C05C4768-4D58-4F62-9B58-8724FD558F8A}.Release|x64.ActiveCfg = Release|Any CPU
		{C05C4768-4D58-4F62-9B58-8724FD558F8A}.Release|x64.Build.0 = Release|Any CPU
		{C05C4768-4D58-4F62-9B58-8724FD558F8A}.Release|x86.ActiveCfg = Release|Any CPU
		{C05C4768-4D58-4F62-9B58-8724FD558F8A}.Release|x86.Build.0 = Release|Any CPU
		{1D88C36F-652A-45B7-87C7-A6D04CD109E6}.Debug|Any CPU.ActiveCfg = Debug|Any CPU
		{1D88C36F-652A-45B7-87C7-A6D04CD109E6}.Debug|Any CPU.Build.0 = Debug|Any CPU
		{1D88C36F-652A-45B7-87C7-A6D04CD109E6}.Debug|x64.ActiveCfg = Debug|Any CPU
		{1D88C36F-652A-45B7-87C7-A6D04CD109E6}.Debug|x64.Build.0 = Debug|Any CPU
		{1D88C36F-652A-45B7-87C7-A6D04CD109E6}.Debug|x86.ActiveCfg = Debug|Any CPU
		{1D88C36F-652A-45B7-87C7-A6D04CD109E6}.Debug|x86.Build.0 = Debug|Any CPU
		{1D88C36F-652A-45B7-87C7-A6D04CD109E6}.Release|Any CPU.ActiveCfg = Release|Any CPU
		{1D88C36F-652A-45B7-87C7-A6D04CD109E6}.Release|Any CPU.Build.0 = Release|Any CPU
		{1D88C36F-652A-45B7-87C7-A6D04CD109E6}.Release|x64.ActiveCfg = Release|Any CPU
		{1D88C36F-652A-45B7-87C7-A6D04CD109E6}.Release|x64.Build.0 = Release|Any CPU
		{1D88C36F-652A-45B7-87C7-A6D04CD109E6}.Release|x86.ActiveCfg = Release|Any CPU
		{1D88C36F-652A-45B7-87C7-A6D04CD109E6}.Release|x86.Build.0 = Release|Any CPU
		{483E66FB-DE69-4B7F-A0BE-134B91A3A853}.Debug|Any CPU.ActiveCfg = Debug|Any CPU
		{483E66FB-DE69-4B7F-A0BE-134B91A3A853}.Debug|Any CPU.Build.0 = Debug|Any CPU
		{483E66FB-DE69-4B7F-A0BE-134B91A3A853}.Debug|x64.ActiveCfg = Debug|Any CPU
		{483E66FB-DE69-4B7F-A0BE-134B91A3A853}.Debug|x64.Build.0 = Debug|Any CPU
		{483E66FB-DE69-4B7F-A0BE-134B91A3A853}.Debug|x86.ActiveCfg = Debug|Any CPU
		{483E66FB-DE69-4B7F-A0BE-134B91A3A853}.Debug|x86.Build.0 = Debug|Any CPU
		{483E66FB-DE69-4B7F-A0BE-134B91A3A853}.Release|Any CPU.ActiveCfg = Release|Any CPU
		{483E66FB-DE69-4B7F-A0BE-134B91A3A853}.Release|Any CPU.Build.0 = Release|Any CPU
		{483E66FB-DE69-4B7F-A0BE-134B91A3A853}.Release|x64.ActiveCfg = Release|Any CPU
		{483E66FB-DE69-4B7F-A0BE-134B91A3A853}.Release|x64.Build.0 = Release|Any CPU
		{483E66FB-DE69-4B7F-A0BE-134B91A3A853}.Release|x86.ActiveCfg = Release|Any CPU
		{483E66FB-DE69-4B7F-A0BE-134B91A3A853}.Release|x86.Build.0 = Release|Any CPU
	EndGlobalSection
	GlobalSection(SolutionProperties) = preSolution
		HideSolutionNode = FALSE
	EndGlobalSection
	GlobalSection(ExtensibilityGlobals) = postSolution
		SolutionGuid = {30433A4F-51F6-4A44-8EB0-890C6EA0FED5}
	EndGlobalSection
EndGlobal
